
Microsoft Visual Studio Solution File, Format Version 12.00
# Visual Studio 15
VisualStudioVersion = 15.0.28307.539
MinimumVisualStudioVersion = 10.0.40219.1
Project("{9092AA53-FB77-4645-B42D-1CCCA6BD08BD}") = "ColorThief.Server", "ColorThief.Server\ColorThief.Server.njsproj", "{9FD0AF90-FA2C-44A5-9FDD-E913E45E5810}"
EndProject
Global
	GlobalSection(SolutionConfigurationPlatforms) = preSolution
		Debug|Any CPU = Debug|Any CPU
		Release|Any CPU = Release|Any CPU
	EndGlobalSection
	GlobalSection(ProjectConfigurationPlatforms) = postSolution
		{9FD0AF90-FA2C-44A5-9FDD-E913E45E5810}.Debug|Any CPU.ActiveCfg = Debug|Any CPU
		{9FD0AF90-FA2C-44A5-9FDD-E913E45E5810}.Debug|Any CPU.Build.0 = Debug|Any CPU
		{9FD0AF90-FA2C-44A5-9FDD-E913E45E5810}.Release|Any CPU.ActiveCfg = Release|Any CPU
		{9FD0AF90-FA2C-44A5-9FDD-E913E45E5810}.Release|Any CPU.Build.0 = Release|Any CPU
	EndGlobalSection
	GlobalSection(SolutionProperties) = preSolution
		HideSolutionNode = FALSE
	EndGlobalSection
	GlobalSection(ExtensibilityGlobals) = postSolution
		SolutionGuid = {293900E7-5D03-4FD8-8140-3CC730E8826C}
	EndGlobalSection
EndGlobal
